
Microsoft Visual Studio Solution File, Format Version 12.00
# Visual Studio 15
VisualStudioVersion = 15.0.27703.2042
MinimumVisualStudioVersion = 10.0.40219.1
Project("{FAE04EC0-301F-11D3-BF4B-00C04F79EFBC}") = "SomeRPG", "SomeRPG\SomeRPG.csproj", "{ED14BA91-E8A1-42AA-8B4B-A525D2140EA2}"
EndProject
Project("{FAE04EC0-301F-11D3-BF4B-00C04F79EFBC}") = "Business", "Business\Business.csproj", "{08944CAC-A1F0-48F0-BBF1-E85CE810EC5A}"
EndProject
Project("{FAE04EC0-301F-11D3-BF4B-00C04F79EFBC}") = "DataAccess", "DataAccess\DataAccess.csproj", "{5E6515E7-7496-4589-98EA-A1ADA411FB8B}"
EndProject
Global
	GlobalSection(SolutionConfigurationPlatforms) = preSolution
		Debug|Any CPU = Debug|Any CPU
		Release|Any CPU = Release|Any CPU
	EndGlobalSection
	GlobalSection(ProjectConfigurationPlatforms) = postSolution
		{ED14BA91-E8A1-42AA-8B4B-A525D2140EA2}.Debug|Any CPU.ActiveCfg = Debug|Any CPU
		{ED14BA91-E8A1-42AA-8B4B-A525D2140EA2}.Debug|Any CPU.Build.0 = Debug|Any CPU
		{ED14BA91-E8A1-42AA-8B4B-A525D2140EA2}.Release|Any CPU.ActiveCfg = Release|Any CPU
		{ED14BA91-E8A1-42AA-8B4B-A525D2140EA2}.Release|Any CPU.Build.0 = Release|Any CPU
		{08944CAC-A1F0-48F0-BBF1-E85CE810EC5A}.Debug|Any CPU.ActiveCfg = Debug|Any CPU
		{08944CAC-A1F0-48F0-BBF1-E85CE810EC5A}.Debug|Any CPU.Build.0 = Debug|Any CPU
		{08944CAC-A1F0-48F0-BBF1-E85CE810EC5A}.Release|Any CPU.ActiveCfg = Release|Any CPU
		{08944CAC-A1F0-48F0-BBF1-E85CE810EC5A}.Release|Any CPU.Build.0 = Release|Any CPU
		{5E6515E7-7496-4589-98EA-A1ADA411FB8B}.Debug|Any CPU.ActiveCfg = Debug|Any CPU
		{5E6515E7-7496-4589-98EA-A1ADA411FB8B}.Debug|Any CPU.Build.0 = Debug|Any CPU
		{5E6515E7-7496-4589-98EA-A1ADA411FB8B}.Release|Any CPU.ActiveCfg = Release|Any CPU
		{5E6515E7-7496-4589-98EA-A1ADA411FB8B}.Release|Any CPU.Build.0 = Release|Any CPU
	EndGlobalSection
	GlobalSection(SolutionProperties) = preSolution
		HideSolutionNode = FALSE
	EndGlobalSection
	GlobalSection(ExtensibilityGlobals) = postSolution
		SolutionGuid = {40369207-A2F1-4CB0-A555-6274E1A1F1F3}
	EndGlobalSection
EndGlobal
